// !$*UTF8*$!
{
	archiveVersion = 1;
	classes = {
	};
	objectVersion = 50;
	objects = {

/* Begin PBXBuildFile section */
		83887D4C26D1C4E000ADB2A2 /* DubDubGrubApp.swift in Sources */ = {isa = PBXBuildFile; fileRef = 83887D4B26D1C4E000ADB2A2 /* DubDubGrubApp.swift */; };
		83887D5026D1C4E300ADB2A2 /* Assets.xcassets in Resources */ = {isa = PBXBuildFile; fileRef = 83887D4F26D1C4E300ADB2A2 /* Assets.xcassets */; };
		83887D5326D1C4E300ADB2A2 /* Preview Assets.xcassets in Resources */ = {isa = PBXBuildFile; fileRef = 83887D5226D1C4E300ADB2A2 /* Preview Assets.xcassets */; };
		83887D5D26D1C70500ADB2A2 /* CloudKit.framework in Frameworks */ = {isa = PBXBuildFile; fileRef = 83887D5C26D1C70500ADB2A2 /* CloudKit.framework */; };
		83887D5F26D1C8D600ADB2A2 /* Color+Ext.swift in Sources */ = {isa = PBXBuildFile; fileRef = 83887D5E26D1C8D600ADB2A2 /* Color+Ext.swift */; };
		83887D6126D1C92800ADB2A2 /* AppTabView.swift in Sources */ = {isa = PBXBuildFile; fileRef = 83887D6026D1C92800ADB2A2 /* AppTabView.swift */; };
		83887D6326D1C97300ADB2A2 /* LocationMapView.swift in Sources */ = {isa = PBXBuildFile; fileRef = 83887D6226D1C97300ADB2A2 /* LocationMapView.swift */; };
		83887D6526D1C99700ADB2A2 /* LocationListView.swift in Sources */ = {isa = PBXBuildFile; fileRef = 83887D6426D1C99700ADB2A2 /* LocationListView.swift */; };
		83887D6726D1C9BA00ADB2A2 /* ProfileView.swift in Sources */ = {isa = PBXBuildFile; fileRef = 83887D6626D1C9BA00ADB2A2 /* ProfileView.swift */; };
		8399D38326D480D400FC1944 /* LocationDetailView.swift in Sources */ = {isa = PBXBuildFile; fileRef = 8399D38226D480D400FC1944 /* LocationDetailView.swift */; };
		839A9AF426D6C1EF00BCB411 /* LocationCell.swift in Sources */ = {isa = PBXBuildFile; fileRef = 839A9AF326D6C1EF00BCB411 /* LocationCell.swift */; };
		839A9AF626D6C22500BCB411 /* AvatarView.swift in Sources */ = {isa = PBXBuildFile; fileRef = 839A9AF526D6C22500BCB411 /* AvatarView.swift */; };
/* End PBXBuildFile section */

/* Begin PBXFileReference section */
		83887D4826D1C4E000ADB2A2 /* DubDubGrub.app */ = {isa = PBXFileReference; explicitFileType = wrapper.application; includeInIndex = 0; path = DubDubGrub.app; sourceTree = BUILT_PRODUCTS_DIR; };
		83887D4B26D1C4E000ADB2A2 /* DubDubGrubApp.swift */ = {isa = PBXFileReference; lastKnownFileType = sourcecode.swift; path = DubDubGrubApp.swift; sourceTree = "<group>"; };
		83887D4F26D1C4E300ADB2A2 /* Assets.xcassets */ = {isa = PBXFileReference; lastKnownFileType = folder.assetcatalog; path = Assets.xcassets; sourceTree = "<group>"; };
		83887D5226D1C4E300ADB2A2 /* Preview Assets.xcassets */ = {isa = PBXFileReference; lastKnownFileType = folder.assetcatalog; path = "Preview Assets.xcassets"; sourceTree = "<group>"; };
		83887D5426D1C4E300ADB2A2 /* Info.plist */ = {isa = PBXFileReference; lastKnownFileType = text.plist.xml; path = Info.plist; sourceTree = "<group>"; };
		83887D5A26D1C66F00ADB2A2 /* DubDubGrub.entitlements */ = {isa = PBXFileReference; lastKnownFileType = text.plist.entitlements; path = DubDubGrub.entitlements; sourceTree = "<group>"; };
		83887D5C26D1C70500ADB2A2 /* CloudKit.framework */ = {isa = PBXFileReference; lastKnownFileType = wrapper.framework; name = CloudKit.framework; path = System/Library/Frameworks/CloudKit.framework; sourceTree = SDKROOT; };
		83887D5E26D1C8D600ADB2A2 /* Color+Ext.swift */ = {isa = PBXFileReference; lastKnownFileType = sourcecode.swift; path = "Color+Ext.swift"; sourceTree = "<group>"; };
		83887D6026D1C92800ADB2A2 /* AppTabView.swift */ = {isa = PBXFileReference; lastKnownFileType = sourcecode.swift; path = AppTabView.swift; sourceTree = "<group>"; };
		83887D6226D1C97300ADB2A2 /* LocationMapView.swift */ = {isa = PBXFileReference; lastKnownFileType = sourcecode.swift; path = LocationMapView.swift; sourceTree = "<group>"; };
		83887D6426D1C99700ADB2A2 /* LocationListView.swift */ = {isa = PBXFileReference; lastKnownFileType = sourcecode.swift; path = LocationListView.swift; sourceTree = "<group>"; };
		83887D6626D1C9BA00ADB2A2 /* ProfileView.swift */ = {isa = PBXFileReference; lastKnownFileType = sourcecode.swift; path = ProfileView.swift; sourceTree = "<group>"; };
		8399D38226D480D400FC1944 /* LocationDetailView.swift */ = {isa = PBXFileReference; lastKnownFileType = sourcecode.swift; path = LocationDetailView.swift; sourceTree = "<group>"; };
		839A9AF326D6C1EF00BCB411 /* LocationCell.swift */ = {isa = PBXFileReference; lastKnownFileType = sourcecode.swift; path = LocationCell.swift; sourceTree = "<group>"; };
		839A9AF526D6C22500BCB411 /* AvatarView.swift */ = {isa = PBXFileReference; lastKnownFileType = sourcecode.swift; path = AvatarView.swift; sourceTree = "<group>"; };
/* End PBXFileReference section */

/* Begin PBXFrameworksBuildPhase section */
		83887D4526D1C4E000ADB2A2 /* Frameworks */ = {
			isa = PBXFrameworksBuildPhase;
			buildActionMask = 2147483647;
			files = (
				83887D5D26D1C70500ADB2A2 /* CloudKit.framework in Frameworks */,
			);
			runOnlyForDeploymentPostprocessing = 0;
		};
/* End PBXFrameworksBuildPhase section */

/* Begin PBXGroup section */
		83887D3F26D1C4E000ADB2A2 = {
			isa = PBXGroup;
			children = (
				83887D4A26D1C4E000ADB2A2 /* DubDubGrub */,
				83887D4926D1C4E000ADB2A2 /* Products */,
				83887D5B26D1C70500ADB2A2 /* Frameworks */,
			);
			sourceTree = "<group>";
		};
		83887D4926D1C4E000ADB2A2 /* Products */ = {
			isa = PBXGroup;
			children = (
				83887D4826D1C4E000ADB2A2 /* DubDubGrub.app */,
			);
			name = Products;
			sourceTree = "<group>";
		};
		83887D4A26D1C4E000ADB2A2 /* DubDubGrub */ = {
			isa = PBXGroup;
			children = (
				83887D5A26D1C66F00ADB2A2 /* DubDubGrub.entitlements */,
				83887D4B26D1C4E000ADB2A2 /* DubDubGrubApp.swift */,
				83887D5E26D1C8D600ADB2A2 /* Color+Ext.swift */,
				83887D6026D1C92800ADB2A2 /* AppTabView.swift */,
				83887D4F26D1C4E300ADB2A2 /* Assets.xcassets */,
				83887D5426D1C4E300ADB2A2 /* Info.plist */,
				83887D5126D1C4E300ADB2A2 /* Preview Content */,
				83887D6226D1C97300ADB2A2 /* LocationMapView.swift */,
				83887D6426D1C99700ADB2A2 /* LocationListView.swift */,
				83887D6626D1C9BA00ADB2A2 /* ProfileView.swift */,
				8399D38226D480D400FC1944 /* LocationDetailView.swift */,
				839A9AF326D6C1EF00BCB411 /* LocationCell.swift */,
				839A9AF526D6C22500BCB411 /* AvatarView.swift */,
			);
			path = DubDubGrub;
			sourceTree = "<group>";
		};
		83887D5126D1C4E300ADB2A2 /* Preview Content */ = {
			isa = PBXGroup;
			children = (
				83887D5226D1C4E300ADB2A2 /* Preview Assets.xcassets */,
			);
			path = "Preview Content";
			sourceTree = "<group>";
		};
		83887D5B26D1C70500ADB2A2 /* Frameworks */ = {
			isa = PBXGroup;
			children = (
				83887D5C26D1C70500ADB2A2 /* CloudKit.framework */,
			);
			name = Frameworks;
			sourceTree = "<group>";
		};
/* End PBXGroup section */

/* Begin PBXNativeTarget section */
		83887D4726D1C4E000ADB2A2 /* DubDubGrub */ = {
			isa = PBXNativeTarget;
			buildConfigurationList = 83887D5726D1C4E300ADB2A2 /* Build configuration list for PBXNativeTarget "DubDubGrub" */;
			buildPhases = (
				83887D4426D1C4E000ADB2A2 /* Sources */,
				83887D4526D1C4E000ADB2A2 /* Frameworks */,
				83887D4626D1C4E000ADB2A2 /* Resources */,
			);
			buildRules = (
			);
			dependencies = (
			);
			name = DubDubGrub;
			productName = DubDubGrub;
			productReference = 83887D4826D1C4E000ADB2A2 /* DubDubGrub.app */;
			productType = "com.apple.product-type.application";
		};
/* End PBXNativeTarget section */

/* Begin PBXProject section */
		83887D4026D1C4E000ADB2A2 /* Project object */ = {
			isa = PBXProject;
			attributes = {
				LastSwiftUpdateCheck = 1250;
				LastUpgradeCheck = 1250;
				TargetAttributes = {
					83887D4726D1C4E000ADB2A2 = {
						CreatedOnToolsVersion = 12.5;
					};
				};
			};
			buildConfigurationList = 83887D4326D1C4E000ADB2A2 /* Build configuration list for PBXProject "DubDubGrub" */;
			compatibilityVersion = "Xcode 9.3";
			developmentRegion = en;
			hasScannedForEncodings = 0;
			knownRegions = (
				en,
				Base,
			);
			mainGroup = 83887D3F26D1C4E000ADB2A2;
			productRefGroup = 83887D4926D1C4E000ADB2A2 /* Products */;
			projectDirPath = "";
			projectRoot = "";
			targets = (
				83887D4726D1C4E000ADB2A2 /* DubDubGrub */,
			);
		};
/* End PBXProject section */

/* Begin PBXResourcesBuildPhase section */
		83887D4626D1C4E000ADB2A2 /* Resources */ = {
			isa = PBXResourcesBuildPhase;
			buildActionMask = 2147483647;
			files = (
				83887D5326D1C4E300ADB2A2 /* Preview Assets.xcassets in Resources */,
				83887D5026D1C4E300ADB2A2 /* Assets.xcassets in Resources */,
			);
			runOnlyForDeploymentPostprocessing = 0;
		};
/* End PBXResourcesBuildPhase section */

/* Begin PBXSourcesBuildPhase section */
		83887D4426D1C4E000ADB2A2 /* Sources */ = {
			isa = PBXSourcesBuildPhase;
			buildActionMask = 2147483647;
			files = (
				83887D4C26D1C4E000ADB2A2 /* DubDubGrubApp.swift in Sources */,
				83887D6326D1C97300ADB2A2 /* LocationMapView.swift in Sources */,
				83887D6526D1C99700ADB2A2 /* LocationListView.swift in Sources */,
				8399D38326D480D400FC1944 /* LocationDetailView.swift in Sources */,
				83887D6126D1C92800ADB2A2 /* AppTabView.swift in Sources */,
				83887D6726D1C9BA00ADB2A2 /* ProfileView.swift in Sources */,
				839A9AF426D6C1EF00BCB411 /* LocationCell.swift in Sources */,
				839A9AF626D6C22500BCB411 /* AvatarView.swift in Sources */,
				83887D5F26D1C8D600ADB2A2 /* Color+Ext.swift in Sources */,
			);
			runOnlyForDeploymentPostprocessing = 0;
		};
/* End PBXSourcesBuildPhase section */

/* Begin XCBuildConfiguration section */
		83887D5526D1C4E300ADB2A2 /* Debug */ = {
			isa = XCBuildConfiguration;
			buildSettings = {
				ALWAYS_SEARCH_USER_PATHS = NO;
				CLANG_ANALYZER_NONNULL = YES;
				CLANG_ANALYZER_NUMBER_OBJECT_CONVERSION = YES_AGGRESSIVE;
				CLANG_CXX_LANGUAGE_STANDARD = "gnu++14";
				CLANG_CXX_LIBRARY = "libc++";
				CLANG_ENABLE_MODULES = YES;
				CLANG_ENABLE_OBJC_ARC = YES;
				CLANG_ENABLE_OBJC_WEAK = YES;
				CLANG_WARN_BLOCK_CAPTURE_AUTORELEASING = YES;
				CLANG_WARN_BOOL_CONVERSION = YES;
				CLANG_WARN_COMMA = YES;
				CLANG_WARN_CONSTANT_CONVERSION = YES;
				CLANG_WARN_DEPRECATED_OBJC_IMPLEMENTATIONS = YES;
				CLANG_WARN_DIRECT_OBJC_ISA_USAGE = YES_ERROR;
				CLANG_WARN_DOCUMENTATION_COMMENTS = YES;
				CLANG_WARN_EMPTY_BODY = YES;
				CLANG_WARN_ENUM_CONVERSION = YES;
				CLANG_WARN_INFINITE_RECURSION = YES;
				CLANG_WARN_INT_CONVERSION = YES;
				CLANG_WARN_NON_LITERAL_NULL_CONVERSION = YES;
				CLANG_WARN_OBJC_IMPLICIT_RETAIN_SELF = YES;
				CLANG_WARN_OBJC_LITERAL_CONVERSION = YES;
				CLANG_WARN_OBJC_ROOT_CLASS = YES_ERROR;
				CLANG_WARN_QUOTED_INCLUDE_IN_FRAMEWORK_HEADER = YES;
				CLANG_WARN_RANGE_LOOP_ANALYSIS = YES;
				CLANG_WARN_STRICT_PROTOTYPES = YES;
				CLANG_WARN_SUSPICIOUS_MOVE = YES;
				CLANG_WARN_UNGUARDED_AVAILABILITY = YES_AGGRESSIVE;
				CLANG_WARN_UNREACHABLE_CODE = YES;
				CLANG_WARN__DUPLICATE_METHOD_MATCH = YES;
				COPY_PHASE_STRIP = NO;
				DEBUG_INFORMATION_FORMAT = dwarf;
				ENABLE_STRICT_OBJC_MSGSEND = YES;
				ENABLE_TESTABILITY = YES;
				GCC_C_LANGUAGE_STANDARD = gnu11;
				GCC_DYNAMIC_NO_PIC = NO;
				GCC_NO_COMMON_BLOCKS = YES;
				GCC_OPTIMIZATION_LEVEL = 0;
				GCC_PREPROCESSOR_DEFINITIONS = (
					"DEBUG=1",
					"$(inherited)",
				);
				GCC_WARN_64_TO_32_BIT_CONVERSION = YES;
				GCC_WARN_ABOUT_RETURN_TYPE = YES_ERROR;
				GCC_WARN_UNDECLARED_SELECTOR = YES;
				GCC_WARN_UNINITIALIZED_AUTOS = YES_AGGRESSIVE;
				GCC_WARN_UNUSED_FUNCTION = YES;
				GCC_WARN_UNUSED_VARIABLE = YES;
				IPHONEOS_DEPLOYMENT_TARGET = 14.5;
				MTL_ENABLE_DEBUG_INFO = INCLUDE_SOURCE;
				MTL_FAST_MATH = YES;
				ONLY_ACTIVE_ARCH = YES;
				SDKROOT = iphoneos;
				SWIFT_ACTIVE_COMPILATION_CONDITIONS = DEBUG;
				SWIFT_OPTIMIZATION_LEVEL = "-Onone";
			};
			name = Debug;
		};
		83887D5626D1C4E300ADB2A2 /* Release */ = {
			isa = XCBuildConfiguration;
			buildSettings = {
				ALWAYS_SEARCH_USER_PATHS = NO;
				CLANG_ANALYZER_NONNULL = YES;
				CLANG_ANALYZER_NUMBER_OBJECT_CONVERSION = YES_AGGRESSIVE;
				CLANG_CXX_LANGUAGE_STANDARD = "gnu++14";
				CLANG_CXX_LIBRARY = "libc++";
				CLANG_ENABLE_MODULES = YES;
				CLANG_ENABLE_OBJC_ARC = YES;
				CLANG_ENABLE_OBJC_WEAK = YES;
				CLANG_WARN_BLOCK_CAPTURE_AUTORELEASING = YES;
				CLANG_WARN_BOOL_CONVERSION = YES;
				CLANG_WARN_COMMA = YES;
				CLANG_WARN_CONSTANT_CONVERSION = YES;
				CLANG_WARN_DEPRECATED_OBJC_IMPLEMENTATIONS = YES;
				CLANG_WARN_DIRECT_OBJC_ISA_USAGE = YES_ERROR;
				CLANG_WARN_DOCUMENTATION_COMMENTS = YES;
				CLANG_WARN_EMPTY_BODY = YES;
				CLANG_WARN_ENUM_CONVERSION = YES;
				CLANG_WARN_INFINITE_RECURSION = YES;
				CLANG_WARN_INT_CONVERSION = YES;
				CLANG_WARN_NON_LITERAL_NULL_CONVERSION = YES;
				CLANG_WARN_OBJC_IMPLICIT_RETAIN_SELF = YES;
				CLANG_WARN_OBJC_LITERAL_CONVERSION = YES;
				CLANG_WARN_OBJC_ROOT_CLASS = YES_ERROR;
				CLANG_WARN_QUOTED_INCLUDE_IN_FRAMEWORK_HEADER = YES;
				CLANG_WARN_RANGE_LOOP_ANALYSIS = YES;
				CLANG_WARN_STRICT_PROTOTYPES = YES;
				CLANG_WARN_SUSPICIOUS_MOVE = YES;
				CLANG_WARN_UNGUARDED_AVAILABILITY = YES_AGGRESSIVE;
				CLANG_WARN_UNREACHABLE_CODE = YES;
				CLANG_WARN__DUPLICATE_METHOD_MATCH = YES;
				COPY_PHASE_STRIP = NO;
				DEBUG_INFORMATION_FORMAT = "dwarf-with-dsym";
				ENABLE_NS_ASSERTIONS = NO;
				ENABLE_STRICT_OBJC_MSGSEND = YES;
				GCC_C_LANGUAGE_STANDARD = gnu11;
				GCC_NO_COMMON_BLOCKS = YES;
				GCC_WARN_64_TO_32_BIT_CONVERSION = YES;
				GCC_WARN_ABOUT_RETURN_TYPE = YES_ERROR;
				GCC_WARN_UNDECLARED_SELECTOR = YES;
				GCC_WARN_UNINITIALIZED_AUTOS = YES_AGGRESSIVE;
				GCC_WARN_UNUSED_FUNCTION = YES;
				GCC_WARN_UNUSED_VARIABLE = YES;
				IPHONEOS_DEPLOYMENT_TARGET = 14.5;
				MTL_ENABLE_DEBUG_INFO = NO;
				MTL_FAST_MATH = YES;
				SDKROOT = iphoneos;
				SWIFT_COMPILATION_MODE = wholemodule;
				SWIFT_OPTIMIZATION_LEVEL = "-O";
				VALIDATE_PRODUCT = YES;
			};
			name = Release;
		};
		83887D5826D1C4E300ADB2A2 /* Debug */ = {
			isa = XCBuildConfiguration;
			buildSettings = {
				ASSETCATALOG_COMPILER_APPICON_NAME = AppIcon;
				ASSETCATALOG_COMPILER_GLOBAL_ACCENT_COLOR_NAME = AccentColor;
				CODE_SIGN_ENTITLEMENTS = DubDubGrub/DubDubGrub.entitlements;
				CODE_SIGN_STYLE = Automatic;
				DEVELOPMENT_ASSET_PATHS = "\"DubDubGrub/Preview Content\"";
				DEVELOPMENT_TEAM = 54GQFS3JDD;
				ENABLE_PREVIEWS = YES;
				INFOPLIST_FILE = DubDubGrub/Info.plist;
				IPHONEOS_DEPLOYMENT_TARGET = 14.0;
				LD_RUNPATH_SEARCH_PATHS = (
					"$(inherited)",
					"@executable_path/Frameworks",
				);
				PRODUCT_BUNDLE_IDENTIFIER = com.oscarsantos.DubDubGrub;
				PRODUCT_NAME = "$(TARGET_NAME)";
				SWIFT_VERSION = 5.0;
				TARGETED_DEVICE_FAMILY = "1,2";
			};
			name = Debug;
		};
		83887D5926D1C4E300ADB2A2 /* Release */ = {
			isa = XCBuildConfiguration;
			buildSettings = {
				ASSETCATALOG_COMPILER_APPICON_NAME = AppIcon;
				ASSETCATALOG_COMPILER_GLOBAL_ACCENT_COLOR_NAME = AccentColor;
				CODE_SIGN_ENTITLEMENTS = DubDubGrub/DubDubGrub.entitlements;
				CODE_SIGN_STYLE = Automatic;
				DEVELOPMENT_ASSET_PATHS = "\"DubDubGrub/Preview Content\"";
				DEVELOPMENT_TEAM = 54GQFS3JDD;
				ENABLE_PREVIEWS = YES;
				INFOPLIST_FILE = DubDubGrub/Info.plist;
				IPHONEOS_DEPLOYMENT_TARGET = 14.0;
				LD_RUNPATH_SEARCH_PATHS = (
					"$(inherited)",
					"@executable_path/Frameworks",
				);
				PRODUCT_BUNDLE_IDENTIFIER = com.oscarsantos.DubDubGrub;
				PRODUCT_NAME = "$(TARGET_NAME)";
				SWIFT_VERSION = 5.0;
				TARGETED_DEVICE_FAMILY = "1,2";
			};
			name = Release;
		};
/* End XCBuildConfiguration section */

/* Begin XCConfigurationList section */
		83887D4326D1C4E000ADB2A2 /* Build configuration list for PBXProject "DubDubGrub" */ = {
			isa = XCConfigurationList;
			buildConfigurations = (
				83887D5526D1C4E300ADB2A2 /* Debug */,
				83887D5626D1C4E300ADB2A2 /* Release */,
			);
			defaultConfigurationIsVisible = 0;
			defaultConfigurationName = Release;
		};
		83887D5726D1C4E300ADB2A2 /* Build configuration list for PBXNativeTarget "DubDubGrub" */ = {
			isa = XCConfigurationList;
			buildConfigurations = (
				83887D5826D1C4E300ADB2A2 /* Debug */,
				83887D5926D1C4E300ADB2A2 /* Release */,
			);
			defaultConfigurationIsVisible = 0;
			defaultConfigurationName = Release;
		};
/* End XCConfigurationList section */
	};
	rootObject = 83887D4026D1C4E000ADB2A2 /* Project object */;
}
